
Microsoft Visual Studio Solution File, Format Version 12.00
# Visual Studio Version 17
VisualStudioVersion = 17.3.32922.545
MinimumVisualStudioVersion = 10.0.40219.1
Project("{FAE04EC0-301F-11D3-BF4B-00C04F79EFBC}") = "20221018-Bucles", "20221018-Bucles.csproj", "{204BF0E1-5010-4F6A-8E15-C79B4CE6D73A}"
EndProject
Global
	GlobalSection(SolutionConfigurationPlatforms) = preSolution
		Debug|Any CPU = Debug|Any CPU
		Release|Any CPU = Release|Any CPU
	EndGlobalSection
	GlobalSection(ProjectConfigurationPlatforms) = postSolution
		{204BF0E1-5010-4F6A-8E15-C79B4CE6D73A}.Debug|Any CPU.ActiveCfg = Debug|Any CPU
		{204BF0E1-5010-4F6A-8E15-C79B4CE6D73A}.Debug|Any CPU.Build.0 = Debug|Any CPU
		{204BF0E1-5010-4F6A-8E15-C79B4CE6D73A}.Release|Any CPU.ActiveCfg = Release|Any CPU
		{204BF0E1-5010-4F6A-8E15-C79B4CE6D73A}.Release|Any CPU.Build.0 = Release|Any CPU
	EndGlobalSection
	GlobalSection(SolutionProperties) = preSolution
		HideSolutionNode = FALSE
	EndGlobalSection
	GlobalSection(ExtensibilityGlobals) = postSolution
		SolutionGuid = {808E5114-248C-4DFC-BE03-46A691024767}
	EndGlobalSection
EndGlobal
