
Microsoft Visual Studio Solution File, Format Version 12.00
# Visual Studio Version 17
VisualStudioVersion = 17.3.32922.545
MinimumVisualStudioVersion = 10.0.40219.1
Project("{FAE04EC0-301F-11D3-BF4B-00C04F79EFBC}") = "20221024-ActividadArchivos", "20221024-ActividadArchivos.csproj", "{DF5A17AB-BE63-46A3-A6F0-2D4FB9F8175A}"
EndProject
Global
	GlobalSection(SolutionConfigurationPlatforms) = preSolution
		Debug|Any CPU = Debug|Any CPU
		Release|Any CPU = Release|Any CPU
	EndGlobalSection
	GlobalSection(ProjectConfigurationPlatforms) = postSolution
		{DF5A17AB-BE63-46A3-A6F0-2D4FB9F8175A}.Debug|Any CPU.ActiveCfg = Debug|Any CPU
		{DF5A17AB-BE63-46A3-A6F0-2D4FB9F8175A}.Debug|Any CPU.Build.0 = Debug|Any CPU
		{DF5A17AB-BE63-46A3-A6F0-2D4FB9F8175A}.Release|Any CPU.ActiveCfg = Release|Any CPU
		{DF5A17AB-BE63-46A3-A6F0-2D4FB9F8175A}.Release|Any CPU.Build.0 = Release|Any CPU
	EndGlobalSection
	GlobalSection(SolutionProperties) = preSolution
		HideSolutionNode = FALSE
	EndGlobalSection
	GlobalSection(ExtensibilityGlobals) = postSolution
		SolutionGuid = {D41D6DD8-C03F-479E-8C09-1710D09F2577}
	EndGlobalSection
EndGlobal
