
Microsoft Visual Studio Solution File, Format Version 12.00
# Visual Studio Version 17
VisualStudioVersion = 17.3.32922.545
MinimumVisualStudioVersion = 10.0.40219.1
Project("{FAE04EC0-301F-11D3-BF4B-00C04F79EFBC}") = "20221005-DatosPersonales", "20221005-DatosPersonales.csproj", "{AB68268C-FB70-4F4B-AAF5-FD44EBB7B307}"
EndProject
Global
	GlobalSection(SolutionConfigurationPlatforms) = preSolution
		Debug|Any CPU = Debug|Any CPU
		Release|Any CPU = Release|Any CPU
	EndGlobalSection
	GlobalSection(ProjectConfigurationPlatforms) = postSolution
		{AB68268C-FB70-4F4B-AAF5-FD44EBB7B307}.Debug|Any CPU.ActiveCfg = Debug|Any CPU
		{AB68268C-FB70-4F4B-AAF5-FD44EBB7B307}.Debug|Any CPU.Build.0 = Debug|Any CPU
		{AB68268C-FB70-4F4B-AAF5-FD44EBB7B307}.Release|Any CPU.ActiveCfg = Release|Any CPU
		{AB68268C-FB70-4F4B-AAF5-FD44EBB7B307}.Release|Any CPU.Build.0 = Release|Any CPU
	EndGlobalSection
	GlobalSection(SolutionProperties) = preSolution
		HideSolutionNode = FALSE
	EndGlobalSection
	GlobalSection(ExtensibilityGlobals) = postSolution
		SolutionGuid = {1D9B1CD8-7E19-4BF6-9442-306CDB018DFF}
	EndGlobalSection
EndGlobal
