
Microsoft Visual Studio Solution File, Format Version 12.00
# Visual Studio Version 17
VisualStudioVersion = 17.3.32922.545
MinimumVisualStudioVersion = 10.0.40219.1
Project("{FAE04EC0-301F-11D3-BF4B-00C04F79EFBC}") = "20221021-IO", "20221021-IO.csproj", "{FC6B9CF1-96C5-45C8-8A5D-6C10A135EF2A}"
EndProject
Global
	GlobalSection(SolutionConfigurationPlatforms) = preSolution
		Debug|Any CPU = Debug|Any CPU
		Release|Any CPU = Release|Any CPU
	EndGlobalSection
	GlobalSection(ProjectConfigurationPlatforms) = postSolution
		{FC6B9CF1-96C5-45C8-8A5D-6C10A135EF2A}.Debug|Any CPU.ActiveCfg = Debug|Any CPU
		{FC6B9CF1-96C5-45C8-8A5D-6C10A135EF2A}.Debug|Any CPU.Build.0 = Debug|Any CPU
		{FC6B9CF1-96C5-45C8-8A5D-6C10A135EF2A}.Release|Any CPU.ActiveCfg = Release|Any CPU
		{FC6B9CF1-96C5-45C8-8A5D-6C10A135EF2A}.Release|Any CPU.Build.0 = Release|Any CPU
	EndGlobalSection
	GlobalSection(SolutionProperties) = preSolution
		HideSolutionNode = FALSE
	EndGlobalSection
	GlobalSection(ExtensibilityGlobals) = postSolution
		SolutionGuid = {40EED3AF-A893-445F-9B0C-153DC8C59E61}
	EndGlobalSection
EndGlobal
