
Microsoft Visual Studio Solution File, Format Version 12.00
# Visual Studio Version 17
VisualStudioVersion = 17.3.32922.545
MinimumVisualStudioVersion = 10.0.40219.1
Project("{FAE04EC0-301F-11D3-BF4B-00C04F79EFBC}") = "20221021-Exceptions", "20221021-Exceptions.csproj", "{F488A447-F935-49A8-A0FE-865E00D86A53}"
EndProject
Global
	GlobalSection(SolutionConfigurationPlatforms) = preSolution
		Debug|Any CPU = Debug|Any CPU
		Release|Any CPU = Release|Any CPU
	EndGlobalSection
	GlobalSection(ProjectConfigurationPlatforms) = postSolution
		{F488A447-F935-49A8-A0FE-865E00D86A53}.Debug|Any CPU.ActiveCfg = Debug|Any CPU
		{F488A447-F935-49A8-A0FE-865E00D86A53}.Debug|Any CPU.Build.0 = Debug|Any CPU
		{F488A447-F935-49A8-A0FE-865E00D86A53}.Release|Any CPU.ActiveCfg = Release|Any CPU
		{F488A447-F935-49A8-A0FE-865E00D86A53}.Release|Any CPU.Build.0 = Release|Any CPU
	EndGlobalSection
	GlobalSection(SolutionProperties) = preSolution
		HideSolutionNode = FALSE
	EndGlobalSection
	GlobalSection(ExtensibilityGlobals) = postSolution
		SolutionGuid = {C51DEED7-0D0E-497F-A369-853397F8BD47}
	EndGlobalSection
EndGlobal
