
Microsoft Visual Studio Solution File, Format Version 12.00
# Visual Studio Version 17
VisualStudioVersion = 17.3.32922.545
MinimumVisualStudioVersion = 10.0.40219.1
Project("{FAE04EC0-301F-11D3-BF4B-00C04F79EFBC}") = "20221022-Peliculas", "20221022-Peliculas.csproj", "{E831508A-473A-47F3-9D2D-70D9B6DA43A6}"
EndProject
Global
	GlobalSection(SolutionConfigurationPlatforms) = preSolution
		Debug|Any CPU = Debug|Any CPU
		Release|Any CPU = Release|Any CPU
	EndGlobalSection
	GlobalSection(ProjectConfigurationPlatforms) = postSolution
		{E831508A-473A-47F3-9D2D-70D9B6DA43A6}.Debug|Any CPU.ActiveCfg = Debug|Any CPU
		{E831508A-473A-47F3-9D2D-70D9B6DA43A6}.Debug|Any CPU.Build.0 = Debug|Any CPU
		{E831508A-473A-47F3-9D2D-70D9B6DA43A6}.Release|Any CPU.ActiveCfg = Release|Any CPU
		{E831508A-473A-47F3-9D2D-70D9B6DA43A6}.Release|Any CPU.Build.0 = Release|Any CPU
	EndGlobalSection
	GlobalSection(SolutionProperties) = preSolution
		HideSolutionNode = FALSE
	EndGlobalSection
	GlobalSection(ExtensibilityGlobals) = postSolution
		SolutionGuid = {33FEC0D4-5900-4235-B2AA-5BD3163B6C7B}
	EndGlobalSection
EndGlobal
