
Microsoft Visual Studio Solution File, Format Version 12.00
# Visual Studio Version 17
VisualStudioVersion = 17.3.32922.545
MinimumVisualStudioVersion = 10.0.40219.1
Project("{FAE04EC0-301F-11D3-BF4B-00C04F79EFBC}") = "20221216-Localizacion", "20221216-Localizacion.csproj", "{1DFD0F25-2C6C-432A-BFA1-4DC94CC65775}"
EndProject
Global
	GlobalSection(SolutionConfigurationPlatforms) = preSolution
		Debug|Any CPU = Debug|Any CPU
		Release|Any CPU = Release|Any CPU
	EndGlobalSection
	GlobalSection(ProjectConfigurationPlatforms) = postSolution
		{1DFD0F25-2C6C-432A-BFA1-4DC94CC65775}.Debug|Any CPU.ActiveCfg = Debug|Any CPU
		{1DFD0F25-2C6C-432A-BFA1-4DC94CC65775}.Debug|Any CPU.Build.0 = Debug|Any CPU
		{1DFD0F25-2C6C-432A-BFA1-4DC94CC65775}.Release|Any CPU.ActiveCfg = Release|Any CPU
		{1DFD0F25-2C6C-432A-BFA1-4DC94CC65775}.Release|Any CPU.Build.0 = Release|Any CPU
	EndGlobalSection
	GlobalSection(SolutionProperties) = preSolution
		HideSolutionNode = FALSE
	EndGlobalSection
	GlobalSection(ExtensibilityGlobals) = postSolution
		SolutionGuid = {8DD433A2-50BC-4F17-9D81-3F9B25DA1CB2}
	EndGlobalSection
EndGlobal
