
Microsoft Visual Studio Solution File, Format Version 12.00
# Visual Studio Version 17
VisualStudioVersion = 17.3.32922.545
MinimumVisualStudioVersion = 10.0.40219.1
Project("{FAE04EC0-301F-11D3-BF4B-00C04F79EFBC}") = "20221006_Animales", "20221006_Animales.csproj", "{A75B4CBB-2698-4B71-91E5-17130815AA00}"
EndProject
Global
	GlobalSection(SolutionConfigurationPlatforms) = preSolution
		Debug|Any CPU = Debug|Any CPU
		Release|Any CPU = Release|Any CPU
	EndGlobalSection
	GlobalSection(ProjectConfigurationPlatforms) = postSolution
		{A75B4CBB-2698-4B71-91E5-17130815AA00}.Debug|Any CPU.ActiveCfg = Debug|Any CPU
		{A75B4CBB-2698-4B71-91E5-17130815AA00}.Debug|Any CPU.Build.0 = Debug|Any CPU
		{A75B4CBB-2698-4B71-91E5-17130815AA00}.Release|Any CPU.ActiveCfg = Release|Any CPU
		{A75B4CBB-2698-4B71-91E5-17130815AA00}.Release|Any CPU.Build.0 = Release|Any CPU
	EndGlobalSection
	GlobalSection(SolutionProperties) = preSolution
		HideSolutionNode = FALSE
	EndGlobalSection
	GlobalSection(ExtensibilityGlobals) = postSolution
		SolutionGuid = {8277078C-E93C-4542-A182-C6FD9734DF26}
	EndGlobalSection
EndGlobal
