
Microsoft Visual Studio Solution File, Format Version 12.00
# Visual Studio Version 17
VisualStudioVersion = 17.3.32929.385
MinimumVisualStudioVersion = 10.0.40219.1
Project("{FAE04EC0-301F-11D3-BF4B-00C04F79EFBC}") = "20221016-JuegoAleatorio", "20221016-JuegoAleatorio.csproj", "{D83ED64E-8B28-4CA1-BFA6-40480DB47277}"
EndProject
Global
	GlobalSection(SolutionConfigurationPlatforms) = preSolution
		Debug|Any CPU = Debug|Any CPU
		Release|Any CPU = Release|Any CPU
	EndGlobalSection
	GlobalSection(ProjectConfigurationPlatforms) = postSolution
		{D83ED64E-8B28-4CA1-BFA6-40480DB47277}.Debug|Any CPU.ActiveCfg = Debug|Any CPU
		{D83ED64E-8B28-4CA1-BFA6-40480DB47277}.Debug|Any CPU.Build.0 = Debug|Any CPU
		{D83ED64E-8B28-4CA1-BFA6-40480DB47277}.Release|Any CPU.ActiveCfg = Release|Any CPU
		{D83ED64E-8B28-4CA1-BFA6-40480DB47277}.Release|Any CPU.Build.0 = Release|Any CPU
	EndGlobalSection
	GlobalSection(SolutionProperties) = preSolution
		HideSolutionNode = FALSE
	EndGlobalSection
	GlobalSection(ExtensibilityGlobals) = postSolution
		SolutionGuid = {78C2D044-A7E8-4819-95B1-7B292979BFCE}
	EndGlobalSection
EndGlobal
